schema: '2.0'
stages:
  data_ingestion:
    cmd: python 
      src\FacialExpressionRecognition\pipeline\stage_01_data_ingestion.py
    deps:
    - path: config/config.yaml
      hash: md5
      md5: 78c6c48f1b3891fb2048aa7784734ecf
      size: 613
    - path: src\FacialExpressionRecognition\pipeline\stage_01_data_ingestion.py
      hash: md5
      md5: be984488f2cc2bb21d26e8a323d1c4c9
      size: 902
    outs:
    - path: artifacts/data_ingestion/
      hash: md5
      md5: 5d58427e4f7430f69aa3acfb94ee3c01.dir
      size: 39990994
      nfiles: 1
  prepare_base_model:
    cmd: python 
      src\FacialExpressionRecognition\pipeline\stage_02_prepare_base_model.py
    deps:
    - path: config/config.yaml
      hash: md5
      md5: 78c6c48f1b3891fb2048aa7784734ecf
      size: 613
    - path: 
        src\FacialExpressionRecognition\pipeline\stage_02_prepare_base_model.py
      hash: md5
      md5: d4da71be85bb60d17cbec01562f31fb2
      size: 972
    params:
      params.yaml:
        IMAGE_SIZE:
        - 64
        - 64
        - 3
        LEARNING_RATE: 0.0001
        MODEL_NAME: emonext
        NUM_CLASSES: 7
        OPTIMIZER: adamw
    outs:
    - path: artifacts/prepare_base_model
      hash: md5
      md5: c2feb2fc5ff409cd7e42c3aeaede82b5.dir
      size: 112017983
      nfiles: 1
  training:
    cmd: python 
      src\FacialExpressionRecognition\pipeline\stage_03_training_model.py
    deps:
    - path: artifacts/data_ingestion
      hash: md5
      md5: 5d58427e4f7430f69aa3acfb94ee3c01.dir
      size: 39990994
      nfiles: 1
    - path: artifacts/prepare_base_model
      hash: md5
      md5: c2feb2fc5ff409cd7e42c3aeaede82b5.dir
      size: 112017983
      nfiles: 1
    - path: config/config.yaml
      hash: md5
      md5: 78c6c48f1b3891fb2048aa7784734ecf
      size: 613
    - path: src\FacialExpressionRecognition\pipeline\stage_03_training_model.py
      hash: md5
      md5: 3a05e841d11b7759b06db4205a639087
      size: 823
    params:
      params.yaml:
        AUGMENTATION: true
        BATCH_SIZE: 96
        EPOCHS: 50
        IMAGE_SIZE:
        - 64
        - 64
        - 3
        LEARNING_RATE: 0.0001
        MODEL_NAME: emonext
        NUM_CLASSES: 7
        OPTIMIZER: adamw
    outs:
    - path: artifacts/training/model.pth
      hash: md5
      md5: 9d656ce67a5d0efc410d879173361add
      size: 112005883
  evaluation:
    cmd: python 
      src\FacialExpressionRecognition\pipeline\stage_04_model_evalution_with_mlflow.py
    deps:
    - path: artifacts/data_ingestion
      hash: md5
      md5: 5d58427e4f7430f69aa3acfb94ee3c01.dir
      size: 39990994
      nfiles: 1
    - path: artifacts/training/model.pth
      hash: md5
      md5: 9d656ce67a5d0efc410d879173361add
      size: 112005883
    - path: config/config.yaml
      hash: md5
      md5: 78c6c48f1b3891fb2048aa7784734ecf
      size: 613
    - path: 
        src\FacialExpressionRecognition\pipeline\stage_04_model_evalution_with_mlflow.py
      hash: md5
      md5: ae91035f43b79e22aa3fbc5c7256c28b
      size: 881
    params:
      params.yaml:
        BATCH_SIZE: 96
        IMAGE_SIZE:
        - 64
        - 64
        - 3
    outs:
    - path: scores.json
      hash: md5
      md5: ac9b102885a732ee419b78e55b49b3cb
      size: 239
